
Microsoft Visual Studio Solution File, Format Version 12.00
# Visual Studio 14
VisualStudioVersion = 14.0.25123.0
MinimumVisualStudioVersion = 10.0.40219.1
Project("{FAE04EC0-301F-11D3-BF4B-00C04F79EFBC}") = "DesertOctopus", "src\DesertOctopus\DesertOctopus.csproj", "{7342E898-8AE6-4482-8A20-B54935DBECAB}"
EndProject
Project("{FAE04EC0-301F-11D3-BF4B-00C04F79EFBC}") = "DesertOctopus.Tests", "tests\DesertOctopus.Tests\DesertOctopus.Tests.csproj", "{C302FA36-8B66-4C79-8966-D79734A52406}"
EndProject
Project("{2150E333-8FDC-42A3-9474-1A3956D46DE8}") = "Solution Items", "Solution Items", "{1006FFC1-3831-4A24-8E7C-3BC52C1EA2CB}"
	ProjectSection(SolutionItems) = preProject
		README.md = README.md
	EndProjectSection
EndProject
Project("{FAE04EC0-301F-11D3-BF4B-00C04F79EFBC}") = "DesertOctopus.Benchmark", "tests\DesertOctopus.Benchmark\DesertOctopus.Benchmark.csproj", "{0747C3C7-4B11-4F06-8ACE-35A75FA69240}"
EndProject
Project("{FAE04EC0-301F-11D3-BF4B-00C04F79EFBC}") = "DesertOctopus.MammothCache", "src\DesertOctopus.MammothCache\DesertOctopus.MammothCache.csproj", "{141B4827-785B-4644-87F2-D54770CA4E9B}"
EndProject
Project("{2150E333-8FDC-42A3-9474-1A3956D46DE8}") = "tests", "tests", "{520E6EF7-469D-4892-A6B8-976B73D5D82D}"
EndProject
Project("{FAE04EC0-301F-11D3-BF4B-00C04F79EFBC}") = "DesertOctopus.MammothCache.Tests", "tests\DesertOctopus.MammothCache.Tests\DesertOctopus.MammothCache.Tests.csproj", "{253CDEB9-46D5-453B-A801-A8AC4F7DF634}"
EndProject
Project("{FAE04EC0-301F-11D3-BF4B-00C04F79EFBC}") = "DesertOctopus.MammothCache.Common", "src\DesertOctopus.MammothCache.Common\DesertOctopus.MammothCache.Common.csproj", "{7DC09C74-AE2A-4A2E-A411-69B9A261F694}"
EndProject
Project("{FAE04EC0-301F-11D3-BF4B-00C04F79EFBC}") = "DesertOctupos.MammothCache.Redis.Tests", "tests\DesertOctupos.MammothCache.Redis.Tests\DesertOctupos.MammothCache.Redis.Tests.csproj", "{465618C0-B665-4C9B-A224-F83938AF0BC7}"
EndProject
Project("{FAE04EC0-301F-11D3-BF4B-00C04F79EFBC}") = "DesertOctopus.MammothCache.WebSiteSimulator", "tests\DesertOctopus.MammothCache.WebSiteSimulator\DesertOctopus.MammothCache.WebSiteSimulator.csproj", "{8E5FAED5-2524-4ECE-B98B-7053A46E640A}"
EndProject
Project("{2150E333-8FDC-42A3-9474-1A3956D46DE8}") = "Nugets", "Nugets", "{EEFA52C8-BBDE-4830-8EF2-1174FA3DB681}"
EndProject
Project("{FAE04EC0-301F-11D3-BF4B-00C04F79EFBC}") = "DesertOctopus.Nuget", "src\DesertOctopus.Nuget\DesertOctopus.Nuget.csproj", "{9DD795A2-B3DA-48AF-A548-8E0B0BA077D6}"
EndProject
Project("{FAE04EC0-301F-11D3-BF4B-00C04F79EFBC}") = "DesertOctopus.MammothCache.Redis", "src\DesertOctopus.MammothCache.Redis\DesertOctopus.MammothCache.Redis.csproj", "{C42CFB36-C60A-47FC-BF74-12D93C1E92E4}"
EndProject
Global
	GlobalSection(SolutionConfigurationPlatforms) = preSolution
		Debug|Any CPU = Debug|Any CPU
		Release|Any CPU = Release|Any CPU
	EndGlobalSection
	GlobalSection(ProjectConfigurationPlatforms) = postSolution
		{7342E898-8AE6-4482-8A20-B54935DBECAB}.Debug|Any CPU.ActiveCfg = Debug|Any CPU
		{7342E898-8AE6-4482-8A20-B54935DBECAB}.Debug|Any CPU.Build.0 = Debug|Any CPU
		{7342E898-8AE6-4482-8A20-B54935DBECAB}.Release|Any CPU.ActiveCfg = Release|Any CPU
		{7342E898-8AE6-4482-8A20-B54935DBECAB}.Release|Any CPU.Build.0 = Release|Any CPU
		{C302FA36-8B66-4C79-8966-D79734A52406}.Debug|Any CPU.ActiveCfg = Debug|Any CPU
		{C302FA36-8B66-4C79-8966-D79734A52406}.Debug|Any CPU.Build.0 = Debug|Any CPU
		{C302FA36-8B66-4C79-8966-D79734A52406}.Release|Any CPU.ActiveCfg = Release|Any CPU
		{C302FA36-8B66-4C79-8966-D79734A52406}.Release|Any CPU.Build.0 = Release|Any CPU
		{0747C3C7-4B11-4F06-8ACE-35A75FA69240}.Debug|Any CPU.ActiveCfg = Debug|Any CPU
		{0747C3C7-4B11-4F06-8ACE-35A75FA69240}.Debug|Any CPU.Build.0 = Debug|Any CPU
		{0747C3C7-4B11-4F06-8ACE-35A75FA69240}.Release|Any CPU.ActiveCfg = Release|Any CPU
		{0747C3C7-4B11-4F06-8ACE-35A75FA69240}.Release|Any CPU.Build.0 = Release|Any CPU
		{141B4827-785B-4644-87F2-D54770CA4E9B}.Debug|Any CPU.ActiveCfg = Debug|Any CPU
		{141B4827-785B-4644-87F2-D54770CA4E9B}.Debug|Any CPU.Build.0 = Debug|Any CPU
		{141B4827-785B-4644-87F2-D54770CA4E9B}.Release|Any CPU.ActiveCfg = Release|Any CPU
		{141B4827-785B-4644-87F2-D54770CA4E9B}.Release|Any CPU.Build.0 = Release|Any CPU
		{253CDEB9-46D5-453B-A801-A8AC4F7DF634}.Debug|Any CPU.ActiveCfg = Debug|Any CPU
		{253CDEB9-46D5-453B-A801-A8AC4F7DF634}.Debug|Any CPU.Build.0 = Debug|Any CPU
		{253CDEB9-46D5-453B-A801-A8AC4F7DF634}.Release|Any CPU.ActiveCfg = Release|Any CPU
		{253CDEB9-46D5-453B-A801-A8AC4F7DF634}.Release|Any CPU.Build.0 = Release|Any CPU
		{7DC09C74-AE2A-4A2E-A411-69B9A261F694}.Debug|Any CPU.ActiveCfg = Debug|Any CPU
		{7DC09C74-AE2A-4A2E-A411-69B9A261F694}.Debug|Any CPU.Build.0 = Debug|Any CPU
		{7DC09C74-AE2A-4A2E-A411-69B9A261F694}.Release|Any CPU.ActiveCfg = Release|Any CPU
		{7DC09C74-AE2A-4A2E-A411-69B9A261F694}.Release|Any CPU.Build.0 = Release|Any CPU
		{465618C0-B665-4C9B-A224-F83938AF0BC7}.Debug|Any CPU.ActiveCfg = Debug|Any CPU
		{465618C0-B665-4C9B-A224-F83938AF0BC7}.Debug|Any CPU.Build.0 = Debug|Any CPU
		{465618C0-B665-4C9B-A224-F83938AF0BC7}.Release|Any CPU.ActiveCfg = Release|Any CPU
		{465618C0-B665-4C9B-A224-F83938AF0BC7}.Release|Any CPU.Build.0 = Release|Any CPU
		{8E5FAED5-2524-4ECE-B98B-7053A46E640A}.Debug|Any CPU.ActiveCfg = Debug|Any CPU
		{8E5FAED5-2524-4ECE-B98B-7053A46E640A}.Debug|Any CPU.Build.0 = Debug|Any CPU
		{8E5FAED5-2524-4ECE-B98B-7053A46E640A}.Release|Any CPU.ActiveCfg = Release|Any CPU
		{8E5FAED5-2524-4ECE-B98B-7053A46E640A}.Release|Any CPU.Build.0 = Release|Any CPU
		{9DD795A2-B3DA-48AF-A548-8E0B0BA077D6}.Debug|Any CPU.ActiveCfg = Debug|Any CPU
		{9DD795A2-B3DA-48AF-A548-8E0B0BA077D6}.Debug|Any CPU.Build.0 = Debug|Any CPU
		{9DD795A2-B3DA-48AF-A548-8E0B0BA077D6}.Release|Any CPU.ActiveCfg = Release|Any CPU
		{9DD795A2-B3DA-48AF-A548-8E0B0BA077D6}.Release|Any CPU.Build.0 = Release|Any CPU
		{C42CFB36-C60A-47FC-BF74-12D93C1E92E4}.Debug|Any CPU.ActiveCfg = Debug|Any CPU
		{C42CFB36-C60A-47FC-BF74-12D93C1E92E4}.Debug|Any CPU.Build.0 = Debug|Any CPU
		{C42CFB36-C60A-47FC-BF74-12D93C1E92E4}.Release|Any CPU.ActiveCfg = Release|Any CPU
		{C42CFB36-C60A-47FC-BF74-12D93C1E92E4}.Release|Any CPU.Build.0 = Release|Any CPU
	EndGlobalSection
	GlobalSection(SolutionProperties) = preSolution
		HideSolutionNode = FALSE
	EndGlobalSection
	GlobalSection(NestedProjects) = preSolution
		{C302FA36-8B66-4C79-8966-D79734A52406} = {520E6EF7-469D-4892-A6B8-976B73D5D82D}
		{253CDEB9-46D5-453B-A801-A8AC4F7DF634} = {520E6EF7-469D-4892-A6B8-976B73D5D82D}
		{465618C0-B665-4C9B-A224-F83938AF0BC7} = {520E6EF7-469D-4892-A6B8-976B73D5D82D}
		{8E5FAED5-2524-4ECE-B98B-7053A46E640A} = {520E6EF7-469D-4892-A6B8-976B73D5D82D}
		{9DD795A2-B3DA-48AF-A548-8E0B0BA077D6} = {EEFA52C8-BBDE-4830-8EF2-1174FA3DB681}
	EndGlobalSection
EndGlobal
