
Microsoft Visual Studio Solution File, Format Version 12.00
# Visual Studio 14
VisualStudioVersion = 14.0.25123.0
MinimumVisualStudioVersion = 10.0.40219.1
Project("{FAE04EC0-301F-11D3-BF4B-00C04F79EFBC}") = "DesertOctopus", "DesertOctopus\DesertOctopus.csproj", "{7342E898-8AE6-4482-8A20-B54935DBECAB}"
EndProject
Project("{FAE04EC0-301F-11D3-BF4B-00C04F79EFBC}") = "DesertOctopus.Tests", "DesertOctopus.Tests\DesertOctopus.Tests.csproj", "{C302FA36-8B66-4C79-8966-D79734A52406}"
EndProject
Global
	GlobalSection(SolutionConfigurationPlatforms) = preSolution
		Debug|Any CPU = Debug|Any CPU
		Release|Any CPU = Release|Any CPU
	EndGlobalSection
	GlobalSection(ProjectConfigurationPlatforms) = postSolution
		{7342E898-8AE6-4482-8A20-B54935DBECAB}.Debug|Any CPU.ActiveCfg = Debug|Any CPU
		{7342E898-8AE6-4482-8A20-B54935DBECAB}.Debug|Any CPU.Build.0 = Debug|Any CPU
		{7342E898-8AE6-4482-8A20-B54935DBECAB}.Release|Any CPU.ActiveCfg = Release|Any CPU
		{7342E898-8AE6-4482-8A20-B54935DBECAB}.Release|Any CPU.Build.0 = Release|Any CPU
		{C302FA36-8B66-4C79-8966-D79734A52406}.Debug|Any CPU.ActiveCfg = Debug|Any CPU
		{C302FA36-8B66-4C79-8966-D79734A52406}.Debug|Any CPU.Build.0 = Debug|Any CPU
		{C302FA36-8B66-4C79-8966-D79734A52406}.Release|Any CPU.ActiveCfg = Release|Any CPU
		{C302FA36-8B66-4C79-8966-D79734A52406}.Release|Any CPU.Build.0 = Release|Any CPU
	EndGlobalSection
	GlobalSection(SolutionProperties) = preSolution
		HideSolutionNode = FALSE
	EndGlobalSection
EndGlobal
